// !$*UTF8*$!
{
	archiveVersion = 1;
	classes = {
	};
	objectVersion = 56;
	objects = {

/* Begin PBXBuildFile section */
		1B2900F529F48F27007DDFAD /* UserProfile.swift in Sources */ = {isa = PBXBuildFile; fileRef = 1B2900F429F48F27007DDFAD /* UserProfile.swift */; };
		1B2900F729F57C6A007DDFAD /* ProfileViewController.swift in Sources */ = {isa = PBXBuildFile; fileRef = 1B2900F629F57C6A007DDFAD /* ProfileViewController.swift */; };
		1B2900F929F5E772007DDFAD /* SettingsViewController.swift in Sources */ = {isa = PBXBuildFile; fileRef = 1B2900F829F5E772007DDFAD /* SettingsViewController.swift */; };
		1B2900FB29F72984007DDFAD /* SettingsModel.swift in Sources */ = {isa = PBXBuildFile; fileRef = 1B2900FA29F72984007DDFAD /* SettingsModel.swift */; };
		1BB3400629648A630082EBF3 /* AppDelegate.swift in Sources */ = {isa = PBXBuildFile; fileRef = 1BB3400529648A630082EBF3 /* AppDelegate.swift */; };
		1BB3400829648A630082EBF3 /* SceneDelegate.swift in Sources */ = {isa = PBXBuildFile; fileRef = 1BB3400729648A630082EBF3 /* SceneDelegate.swift */; };
		1BB3400A29648A630082EBF3 /* HomeViewController.swift in Sources */ = {isa = PBXBuildFile; fileRef = 1BB3400929648A630082EBF3 /* HomeViewController.swift */; };
		1BB3400F29648A630082EBF3 /* Assets.xcassets in Resources */ = {isa = PBXBuildFile; fileRef = 1BB3400E29648A630082EBF3 /* Assets.xcassets */; };
		1BB3401229648A630082EBF3 /* LaunchScreen.storyboard in Resources */ = {isa = PBXBuildFile; fileRef = 1BB3401029648A630082EBF3 /* LaunchScreen.storyboard */; };
		1BB34020296491870082EBF3 /* TabBarViewController.swift in Sources */ = {isa = PBXBuildFile; fileRef = 1BB3401F296491870082EBF3 /* TabBarViewController.swift */; };
		1BB34022296491CA0082EBF3 /* SearchViewController.swift in Sources */ = {isa = PBXBuildFile; fileRef = 1BB34021296491CA0082EBF3 /* SearchViewController.swift */; };
		1BB34024296491F20082EBF3 /* LibraryViewController.swift in Sources */ = {isa = PBXBuildFile; fileRef = 1BB34023296491F20082EBF3 /* LibraryViewController.swift */; };
		1BB34027296701560082EBF3 /* AuthManager.swift in Sources */ = {isa = PBXBuildFile; fileRef = 1BB34026296701560082EBF3 /* AuthManager.swift */; };
		1BB34029296701880082EBF3 /* APICaller.swift in Sources */ = {isa = PBXBuildFile; fileRef = 1BB34028296701880082EBF3 /* APICaller.swift */; };
		1BB3402B296701A60082EBF3 /* HapticsManager.swift in Sources */ = {isa = PBXBuildFile; fileRef = 1BB3402A296701A60082EBF3 /* HapticsManager.swift */; };
		1BB3402D296702E70082EBF3 /* WelcomeViewController.swift in Sources */ = {isa = PBXBuildFile; fileRef = 1BB3402C296702E70082EBF3 /* WelcomeViewController.swift */; };
		1BB34030296706B00082EBF3 /* AuthViewController.swift in Sources */ = {isa = PBXBuildFile; fileRef = 1BB3402F296706B00082EBF3 /* AuthViewController.swift */; };
		1BB3403229670B400082EBF3 /* Extensions.swift in Sources */ = {isa = PBXBuildFile; fileRef = 1BB3403129670B400082EBF3 /* Extensions.swift */; };
		1BB3403429685E320082EBF3 /* AuthResponse.swift in Sources */ = {isa = PBXBuildFile; fileRef = 1BB3403329685E320082EBF3 /* AuthResponse.swift */; };
		1BCA2E7B29FC8674008F3D38 /* NewReleasesResponse.swift in Sources */ = {isa = PBXBuildFile; fileRef = 1BCA2E7A29FC8674008F3D38 /* NewReleasesResponse.swift */; };
		1BCA2E7D29FC8808008F3D38 /* APIImage.swift in Sources */ = {isa = PBXBuildFile; fileRef = 1BCA2E7C29FC8808008F3D38 /* APIImage.swift */; };
		1BCA2E7F29FC8960008F3D38 /* Artist.swift in Sources */ = {isa = PBXBuildFile; fileRef = 1BCA2E7E29FC8960008F3D38 /* Artist.swift */; };
		1BCA2E8129FD55AA008F3D38 /* FeaturedPlaylistsResponse.swift in Sources */ = {isa = PBXBuildFile; fileRef = 1BCA2E8029FD55AA008F3D38 /* FeaturedPlaylistsResponse.swift */; };
		1BCA2E8329FDCAA7008F3D38 /* RecommendedGenresResponse.swift in Sources */ = {isa = PBXBuildFile; fileRef = 1BCA2E8229FDCAA7008F3D38 /* RecommendedGenresResponse.swift */; };
		1BCA2E8529FEAC58008F3D38 /* RecommendationsResponse.swift in Sources */ = {isa = PBXBuildFile; fileRef = 1BCA2E8429FEAC58008F3D38 /* RecommendationsResponse.swift */; };
		1BCA2E8729FEB1C2008F3D38 /* AudioTrack.swift in Sources */ = {isa = PBXBuildFile; fileRef = 1BCA2E8629FEB1C2008F3D38 /* AudioTrack.swift */; };
		1BCA2E8929FEB1EC008F3D38 /* Playlist.swift in Sources */ = {isa = PBXBuildFile; fileRef = 1BCA2E8829FEB1EC008F3D38 /* Playlist.swift */; };
		1BCA2E8C29FEFD00008F3D38 /* NewReleaseCollectionViewCell.swift in Sources */ = {isa = PBXBuildFile; fileRef = 1BCA2E8B29FEFD00008F3D38 /* NewReleaseCollectionViewCell.swift */; };
		1BCA2E8E29FEFD38008F3D38 /* FeaturedPlaylistCollectionViewCell.swift in Sources */ = {isa = PBXBuildFile; fileRef = 1BCA2E8D29FEFD38008F3D38 /* FeaturedPlaylistCollectionViewCell.swift */; };
		1BCA2E9029FEFD59008F3D38 /* RecommendedTrackCollectionViewCell.swift in Sources */ = {isa = PBXBuildFile; fileRef = 1BCA2E8F29FEFD59008F3D38 /* RecommendedTrackCollectionViewCell.swift */; };
		A332DCA7C1ACD749A639D1C4 /* Pods_SpotifyApp.framework in Frameworks */ = {isa = PBXBuildFile; fileRef = 0E1ECD67F1B019F98D9B3AB8 /* Pods_SpotifyApp.framework */; };
/* End PBXBuildFile section */

/* Begin PBXFileReference section */
		01B1604DA51E688C7726E4E9 /* Pods-SpotifyApp.release.xcconfig */ = {isa = PBXFileReference; includeInIndex = 1; lastKnownFileType = text.xcconfig; name = "Pods-SpotifyApp.release.xcconfig"; path = "Target Support Files/Pods-SpotifyApp/Pods-SpotifyApp.release.xcconfig"; sourceTree = "<group>"; };
		0E1ECD67F1B019F98D9B3AB8 /* Pods_SpotifyApp.framework */ = {isa = PBXFileReference; explicitFileType = wrapper.framework; includeInIndex = 0; path = Pods_SpotifyApp.framework; sourceTree = BUILT_PRODUCTS_DIR; };
		1B2900F429F48F27007DDFAD /* UserProfile.swift */ = {isa = PBXFileReference; lastKnownFileType = sourcecode.swift; path = UserProfile.swift; sourceTree = "<group>"; };
		1B2900F629F57C6A007DDFAD /* ProfileViewController.swift */ = {isa = PBXFileReference; lastKnownFileType = sourcecode.swift; path = ProfileViewController.swift; sourceTree = "<group>"; };
		1B2900F829F5E772007DDFAD /* SettingsViewController.swift */ = {isa = PBXFileReference; lastKnownFileType = sourcecode.swift; path = SettingsViewController.swift; sourceTree = "<group>"; };
		1B2900FA29F72984007DDFAD /* SettingsModel.swift */ = {isa = PBXFileReference; lastKnownFileType = sourcecode.swift; path = SettingsModel.swift; sourceTree = "<group>"; };
		1BB3400229648A630082EBF3 /* SpotifyApp.app */ = {isa = PBXFileReference; explicitFileType = wrapper.application; includeInIndex = 0; path = SpotifyApp.app; sourceTree = BUILT_PRODUCTS_DIR; };
		1BB3400529648A630082EBF3 /* AppDelegate.swift */ = {isa = PBXFileReference; lastKnownFileType = sourcecode.swift; path = AppDelegate.swift; sourceTree = "<group>"; };
		1BB3400729648A630082EBF3 /* SceneDelegate.swift */ = {isa = PBXFileReference; lastKnownFileType = sourcecode.swift; path = SceneDelegate.swift; sourceTree = "<group>"; };
		1BB3400929648A630082EBF3 /* HomeViewController.swift */ = {isa = PBXFileReference; lastKnownFileType = sourcecode.swift; path = HomeViewController.swift; sourceTree = "<group>"; };
		1BB3400E29648A630082EBF3 /* Assets.xcassets */ = {isa = PBXFileReference; lastKnownFileType = folder.assetcatalog; path = Assets.xcassets; sourceTree = "<group>"; };
		1BB3401129648A630082EBF3 /* Base */ = {isa = PBXFileReference; lastKnownFileType = file.storyboard; name = Base; path = Base.lproj/LaunchScreen.storyboard; sourceTree = "<group>"; };
		1BB3401329648A630082EBF3 /* Info.plist */ = {isa = PBXFileReference; lastKnownFileType = text.plist.xml; path = Info.plist; sourceTree = "<group>"; };
		1BB3401F296491870082EBF3 /* TabBarViewController.swift */ = {isa = PBXFileReference; lastKnownFileType = sourcecode.swift; path = TabBarViewController.swift; sourceTree = "<group>"; };
		1BB34021296491CA0082EBF3 /* SearchViewController.swift */ = {isa = PBXFileReference; lastKnownFileType = sourcecode.swift; path = SearchViewController.swift; sourceTree = "<group>"; };
		1BB34023296491F20082EBF3 /* LibraryViewController.swift */ = {isa = PBXFileReference; lastKnownFileType = sourcecode.swift; path = LibraryViewController.swift; sourceTree = "<group>"; };
		1BB34026296701560082EBF3 /* AuthManager.swift */ = {isa = PBXFileReference; lastKnownFileType = sourcecode.swift; path = AuthManager.swift; sourceTree = "<group>"; };
		1BB34028296701880082EBF3 /* APICaller.swift */ = {isa = PBXFileReference; lastKnownFileType = sourcecode.swift; path = APICaller.swift; sourceTree = "<group>"; };
		1BB3402A296701A60082EBF3 /* HapticsManager.swift */ = {isa = PBXFileReference; lastKnownFileType = sourcecode.swift; path = HapticsManager.swift; sourceTree = "<group>"; };
		1BB3402C296702E70082EBF3 /* WelcomeViewController.swift */ = {isa = PBXFileReference; lastKnownFileType = sourcecode.swift; path = WelcomeViewController.swift; sourceTree = "<group>"; };
		1BB3402F296706B00082EBF3 /* AuthViewController.swift */ = {isa = PBXFileReference; lastKnownFileType = sourcecode.swift; path = AuthViewController.swift; sourceTree = "<group>"; };
		1BB3403129670B400082EBF3 /* Extensions.swift */ = {isa = PBXFileReference; lastKnownFileType = sourcecode.swift; path = Extensions.swift; sourceTree = "<group>"; };
		1BB3403329685E320082EBF3 /* AuthResponse.swift */ = {isa = PBXFileReference; lastKnownFileType = sourcecode.swift; path = AuthResponse.swift; sourceTree = "<group>"; };
		1BCA2E7A29FC8674008F3D38 /* NewReleasesResponse.swift */ = {isa = PBXFileReference; lastKnownFileType = sourcecode.swift; path = NewReleasesResponse.swift; sourceTree = "<group>"; };
		1BCA2E7C29FC8808008F3D38 /* APIImage.swift */ = {isa = PBXFileReference; lastKnownFileType = sourcecode.swift; path = APIImage.swift; sourceTree = "<group>"; };
		1BCA2E7E29FC8960008F3D38 /* Artist.swift */ = {isa = PBXFileReference; lastKnownFileType = sourcecode.swift; path = Artist.swift; sourceTree = "<group>"; };
		1BCA2E8029FD55AA008F3D38 /* FeaturedPlaylistsResponse.swift */ = {isa = PBXFileReference; lastKnownFileType = sourcecode.swift; path = FeaturedPlaylistsResponse.swift; sourceTree = "<group>"; };
		1BCA2E8229FDCAA7008F3D38 /* RecommendedGenresResponse.swift */ = {isa = PBXFileReference; lastKnownFileType = sourcecode.swift; path = RecommendedGenresResponse.swift; sourceTree = "<group>"; };
		1BCA2E8429FEAC58008F3D38 /* RecommendationsResponse.swift */ = {isa = PBXFileReference; lastKnownFileType = sourcecode.swift; path = RecommendationsResponse.swift; sourceTree = "<group>"; };
		1BCA2E8629FEB1C2008F3D38 /* AudioTrack.swift */ = {isa = PBXFileReference; lastKnownFileType = sourcecode.swift; path = AudioTrack.swift; sourceTree = "<group>"; };
		1BCA2E8829FEB1EC008F3D38 /* Playlist.swift */ = {isa = PBXFileReference; lastKnownFileType = sourcecode.swift; path = Playlist.swift; sourceTree = "<group>"; };
		1BCA2E8B29FEFD00008F3D38 /* NewReleaseCollectionViewCell.swift */ = {isa = PBXFileReference; lastKnownFileType = sourcecode.swift; path = NewReleaseCollectionViewCell.swift; sourceTree = "<group>"; };
		1BCA2E8D29FEFD38008F3D38 /* FeaturedPlaylistCollectionViewCell.swift */ = {isa = PBXFileReference; lastKnownFileType = sourcecode.swift; path = FeaturedPlaylistCollectionViewCell.swift; sourceTree = "<group>"; };
		1BCA2E8F29FEFD59008F3D38 /* RecommendedTrackCollectionViewCell.swift */ = {isa = PBXFileReference; lastKnownFileType = sourcecode.swift; path = RecommendedTrackCollectionViewCell.swift; sourceTree = "<group>"; };
		C0DC23C23E7A9BD85D0282D6 /* Pods-SpotifyApp.debug.xcconfig */ = {isa = PBXFileReference; includeInIndex = 1; lastKnownFileType = text.xcconfig; name = "Pods-SpotifyApp.debug.xcconfig"; path = "Target Support Files/Pods-SpotifyApp/Pods-SpotifyApp.debug.xcconfig"; sourceTree = "<group>"; };
/* End PBXFileReference section */

/* Begin PBXFrameworksBuildPhase section */
		1BB33FFF29648A630082EBF3 /* Frameworks */ = {
			isa = PBXFrameworksBuildPhase;
			buildActionMask = 2147483647;
			files = (
				A332DCA7C1ACD749A639D1C4 /* Pods_SpotifyApp.framework in Frameworks */,
			);
			runOnlyForDeploymentPostprocessing = 0;
		};
/* End PBXFrameworksBuildPhase section */

/* Begin PBXGroup section */
		1BB33FF929648A630082EBF3 = {
			isa = PBXGroup;
			children = (
				1BB3400429648A630082EBF3 /* SpotifyApp */,
				1BB3400329648A630082EBF3 /* Products */,
				C9190E8A23C1815ABEC3F0A5 /* Pods */,
				9E745D690AD0178ABE5A3B28 /* Frameworks */,
			);
			sourceTree = "<group>";
		};
		1BB3400329648A630082EBF3 /* Products */ = {
			isa = PBXGroup;
			children = (
				1BB3400229648A630082EBF3 /* SpotifyApp.app */,
			);
			name = Products;
			sourceTree = "<group>";
		};
		1BB3400429648A630082EBF3 /* SpotifyApp */ = {
			isa = PBXGroup;
			children = (
				1BB3401E29648AE20082EBF3 /* Resources */,
				1BB3401D29648AD60082EBF3 /* Managers */,
				1BB3401C29648ACF0082EBF3 /* ViewModels */,
				1BB3401B29648AC80082EBF3 /* Models */,
				1BB3401929648AB10082EBF3 /* View */,
				1BB3401A29648ABA0082EBF3 /* Controllers */,
				1BB3401329648A630082EBF3 /* Info.plist */,
			);
			path = SpotifyApp;
			sourceTree = "<group>";
		};
		1BB3401929648AB10082EBF3 /* View */ = {
			isa = PBXGroup;
			children = (
				1BCA2E8A29FEFCE1008F3D38 /* Browse */,
				1BB3401029648A630082EBF3 /* LaunchScreen.storyboard */,
			);
			path = View;
			sourceTree = "<group>";
		};
		1BB3401A29648ABA0082EBF3 /* Controllers */ = {
			isa = PBXGroup;
			children = (
				1BB3402E296705860082EBF3 /* Others */,
				1BB34025296492250082EBF3 /* Core */,
			);
			path = Controllers;
			sourceTree = "<group>";
		};
		1BB3401B29648AC80082EBF3 /* Models */ = {
			isa = PBXGroup;
			children = (
				1BB3403329685E320082EBF3 /* AuthResponse.swift */,
				1B2900F429F48F27007DDFAD /* UserProfile.swift */,
				1B2900FA29F72984007DDFAD /* SettingsModel.swift */,
				1BCA2E7A29FC8674008F3D38 /* NewReleasesResponse.swift */,
				1BCA2E7C29FC8808008F3D38 /* APIImage.swift */,
				1BCA2E7E29FC8960008F3D38 /* Artist.swift */,
				1BCA2E8029FD55AA008F3D38 /* FeaturedPlaylistsResponse.swift */,
				1BCA2E8229FDCAA7008F3D38 /* RecommendedGenresResponse.swift */,
				1BCA2E8429FEAC58008F3D38 /* RecommendationsResponse.swift */,
				1BCA2E8629FEB1C2008F3D38 /* AudioTrack.swift */,
				1BCA2E8829FEB1EC008F3D38 /* Playlist.swift */,
			);
			path = Models;
			sourceTree = "<group>";
		};
		1BB3401C29648ACF0082EBF3 /* ViewModels */ = {
			isa = PBXGroup;
			children = (
			);
			path = ViewModels;
			sourceTree = "<group>";
		};
		1BB3401D29648AD60082EBF3 /* Managers */ = {
			isa = PBXGroup;
			children = (
				1BB34026296701560082EBF3 /* AuthManager.swift */,
				1BB34028296701880082EBF3 /* APICaller.swift */,
				1BB3402A296701A60082EBF3 /* HapticsManager.swift */,
			);
			path = Managers;
			sourceTree = "<group>";
		};
		1BB3401E29648AE20082EBF3 /* Resources */ = {
			isa = PBXGroup;
			children = (
				1BB3400E29648A630082EBF3 /* Assets.xcassets */,
				1BB3400529648A630082EBF3 /* AppDelegate.swift */,
				1BB3400729648A630082EBF3 /* SceneDelegate.swift */,
				1BB3403129670B400082EBF3 /* Extensions.swift */,
			);
			path = Resources;
			sourceTree = "<group>";
		};
		1BB34025296492250082EBF3 /* Core */ = {
			isa = PBXGroup;
			children = (
				1BB3401F296491870082EBF3 /* TabBarViewController.swift */,
				1BB3400929648A630082EBF3 /* HomeViewController.swift */,
				1BB34021296491CA0082EBF3 /* SearchViewController.swift */,
				1BB34023296491F20082EBF3 /* LibraryViewController.swift */,
			);
			path = Core;
			sourceTree = "<group>";
		};
		1BB3402E296705860082EBF3 /* Others */ = {
			isa = PBXGroup;
			children = (
				1BB3402C296702E70082EBF3 /* WelcomeViewController.swift */,
				1BB3402F296706B00082EBF3 /* AuthViewController.swift */,
				1B2900F629F57C6A007DDFAD /* ProfileViewController.swift */,
				1B2900F829F5E772007DDFAD /* SettingsViewController.swift */,
			);
			path = Others;
			sourceTree = "<group>";
		};
		1BCA2E8A29FEFCE1008F3D38 /* Browse */ = {
			isa = PBXGroup;
			children = (
				1BCA2E8B29FEFD00008F3D38 /* NewReleaseCollectionViewCell.swift */,
				1BCA2E8D29FEFD38008F3D38 /* FeaturedPlaylistCollectionViewCell.swift */,
				1BCA2E8F29FEFD59008F3D38 /* RecommendedTrackCollectionViewCell.swift */,
			);
			path = Browse;
			sourceTree = "<group>";
		};
		9E745D690AD0178ABE5A3B28 /* Frameworks */ = {
			isa = PBXGroup;
			children = (
				0E1ECD67F1B019F98D9B3AB8 /* Pods_SpotifyApp.framework */,
			);
			name = Frameworks;
			sourceTree = "<group>";
		};
		C9190E8A23C1815ABEC3F0A5 /* Pods */ = {
			isa = PBXGroup;
			children = (
				C0DC23C23E7A9BD85D0282D6 /* Pods-SpotifyApp.debug.xcconfig */,
				01B1604DA51E688C7726E4E9 /* Pods-SpotifyApp.release.xcconfig */,
			);
			path = Pods;
			sourceTree = "<group>";
		};
/* End PBXGroup section */

/* Begin PBXNativeTarget section */
		1BB3400129648A630082EBF3 /* SpotifyApp */ = {
			isa = PBXNativeTarget;
			buildConfigurationList = 1BB3401629648A630082EBF3 /* Build configuration list for PBXNativeTarget "SpotifyApp" */;
			buildPhases = (
				50286E4E10C97DAB9AE5FCBB /* [CP] Check Pods Manifest.lock */,
				1BB33FFE29648A630082EBF3 /* Sources */,
				1BB33FFF29648A630082EBF3 /* Frameworks */,
				1BB3400029648A630082EBF3 /* Resources */,
				4567947F0C8826984C2369F5 /* [CP] Embed Pods Frameworks */,
			);
			buildRules = (
			);
			dependencies = (
			);
			name = SpotifyApp;
			productName = SpotifyApp;
			productReference = 1BB3400229648A630082EBF3 /* SpotifyApp.app */;
			productType = "com.apple.product-type.application";
		};
/* End PBXNativeTarget section */

/* Begin PBXProject section */
		1BB33FFA29648A630082EBF3 /* Project object */ = {
			isa = PBXProject;
			attributes = {
				BuildIndependentTargetsInParallel = 1;
				LastSwiftUpdateCheck = 1400;
				LastUpgradeCheck = 1400;
				TargetAttributes = {
					1BB3400129648A630082EBF3 = {
						CreatedOnToolsVersion = 14.0;
					};
				};
			};
			buildConfigurationList = 1BB33FFD29648A630082EBF3 /* Build configuration list for PBXProject "SpotifyApp" */;
			compatibilityVersion = "Xcode 14.0";
			developmentRegion = en;
			hasScannedForEncodings = 0;
			knownRegions = (
				en,
				Base,
			);
			mainGroup = 1BB33FF929648A630082EBF3;
			productRefGroup = 1BB3400329648A630082EBF3 /* Products */;
			projectDirPath = "";
			projectRoot = "";
			targets = (
				1BB3400129648A630082EBF3 /* SpotifyApp */,
			);
		};
/* End PBXProject section */

/* Begin PBXResourcesBuildPhase section */
		1BB3400029648A630082EBF3 /* Resources */ = {
			isa = PBXResourcesBuildPhase;
			buildActionMask = 2147483647;
			files = (
				1BB3401229648A630082EBF3 /* LaunchScreen.storyboard in Resources */,
				1BB3400F29648A630082EBF3 /* Assets.xcassets in Resources */,
			);
			runOnlyForDeploymentPostprocessing = 0;
		};
/* End PBXResourcesBuildPhase section */

/* Begin PBXShellScriptBuildPhase section */
		4567947F0C8826984C2369F5 /* [CP] Embed Pods Frameworks */ = {
			isa = PBXShellScriptBuildPhase;
			buildActionMask = 2147483647;
			files = (
			);
			inputFileListPaths = (
				"${PODS_ROOT}/Target Support Files/Pods-SpotifyApp/Pods-SpotifyApp-frameworks-${CONFIGURATION}-input-files.xcfilelist",
			);
			name = "[CP] Embed Pods Frameworks";
			outputFileListPaths = (
				"${PODS_ROOT}/Target Support Files/Pods-SpotifyApp/Pods-SpotifyApp-frameworks-${CONFIGURATION}-output-files.xcfilelist",
			);
			runOnlyForDeploymentPostprocessing = 0;
			shellPath = /bin/sh;
			shellScript = "\"${PODS_ROOT}/Target Support Files/Pods-SpotifyApp/Pods-SpotifyApp-frameworks.sh\"\n";
			showEnvVarsInLog = 0;
		};
		50286E4E10C97DAB9AE5FCBB /* [CP] Check Pods Manifest.lock */ = {
			isa = PBXShellScriptBuildPhase;
			buildActionMask = 2147483647;
			files = (
			);
			inputFileListPaths = (
			);
			inputPaths = (
				"${PODS_PODFILE_DIR_PATH}/Podfile.lock",
				"${PODS_ROOT}/Manifest.lock",
			);
			name = "[CP] Check Pods Manifest.lock";
			outputFileListPaths = (
			);
			outputPaths = (
				"$(DERIVED_FILE_DIR)/Pods-SpotifyApp-checkManifestLockResult.txt",
			);
			runOnlyForDeploymentPostprocessing = 0;
			shellPath = /bin/sh;
			shellScript = "diff \"${PODS_PODFILE_DIR_PATH}/Podfile.lock\" \"${PODS_ROOT}/Manifest.lock\" > /dev/null\nif [ $? != 0 ] ; then\n    # print error to STDERR\n    echo \"error: The sandbox is not in sync with the Podfile.lock. Run 'pod install' or update your CocoaPods installation.\" >&2\n    exit 1\nfi\n# This output is used by Xcode 'outputs' to avoid re-running this script phase.\necho \"SUCCESS\" > \"${SCRIPT_OUTPUT_FILE_0}\"\n";
			showEnvVarsInLog = 0;
		};
/* End PBXShellScriptBuildPhase section */

/* Begin PBXSourcesBuildPhase section */
		1BB33FFE29648A630082EBF3 /* Sources */ = {
			isa = PBXSourcesBuildPhase;
			buildActionMask = 2147483647;
			files = (
				1BB3403429685E320082EBF3 /* AuthResponse.swift in Sources */,
				1BB34030296706B00082EBF3 /* AuthViewController.swift in Sources */,
				1BCA2E8729FEB1C2008F3D38 /* AudioTrack.swift in Sources */,
				1BCA2E8329FDCAA7008F3D38 /* RecommendedGenresResponse.swift in Sources */,
				1BCA2E7F29FC8960008F3D38 /* Artist.swift in Sources */,
				1B2900FB29F72984007DDFAD /* SettingsModel.swift in Sources */,
				1B2900F529F48F27007DDFAD /* UserProfile.swift in Sources */,
				1BB34022296491CA0082EBF3 /* SearchViewController.swift in Sources */,
				1BCA2E7D29FC8808008F3D38 /* APIImage.swift in Sources */,
				1BCA2E8C29FEFD00008F3D38 /* NewReleaseCollectionViewCell.swift in Sources */,
				1BB3402D296702E70082EBF3 /* WelcomeViewController.swift in Sources */,
				1BB34027296701560082EBF3 /* AuthManager.swift in Sources */,
				1BB34020296491870082EBF3 /* TabBarViewController.swift in Sources */,
				1BCA2E8129FD55AA008F3D38 /* FeaturedPlaylistsResponse.swift in Sources */,
				1B2900F929F5E772007DDFAD /* SettingsViewController.swift in Sources */,
				1BCA2E7B29FC8674008F3D38 /* NewReleasesResponse.swift in Sources */,
				1BCA2E8E29FEFD38008F3D38 /* FeaturedPlaylistCollectionViewCell.swift in Sources */,
				1BB3400A29648A630082EBF3 /* HomeViewController.swift in Sources */,
				1BCA2E9029FEFD59008F3D38 /* RecommendedTrackCollectionViewCell.swift in Sources */,
				1BB3400629648A630082EBF3 /* AppDelegate.swift in Sources */,
				1BB3403229670B400082EBF3 /* Extensions.swift in Sources */,
				1BCA2E8529FEAC58008F3D38 /* RecommendationsResponse.swift in Sources */,
				1BCA2E8929FEB1EC008F3D38 /* Playlist.swift in Sources */,
				1BB34024296491F20082EBF3 /* LibraryViewController.swift in Sources */,
				1BB3400829648A630082EBF3 /* SceneDelegate.swift in Sources */,
				1B2900F729F57C6A007DDFAD /* ProfileViewController.swift in Sources */,
				1BB34029296701880082EBF3 /* APICaller.swift in Sources */,
				1BB3402B296701A60082EBF3 /* HapticsManager.swift in Sources */,
			);
			runOnlyForDeploymentPostprocessing = 0;
		};
/* End PBXSourcesBuildPhase section */

/* Begin PBXVariantGroup section */
		1BB3401029648A630082EBF3 /* LaunchScreen.storyboard */ = {
			isa = PBXVariantGroup;
			children = (
				1BB3401129648A630082EBF3 /* Base */,
			);
			name = LaunchScreen.storyboard;
			sourceTree = "<group>";
		};
/* End PBXVariantGroup section */

/* Begin XCBuildConfiguration section */
		1BB3401429648A630082EBF3 /* Debug */ = {
			isa = XCBuildConfiguration;
			buildSettings = {
				ALWAYS_SEARCH_USER_PATHS = NO;
				CLANG_ANALYZER_NONNULL = YES;
				CLANG_ANALYZER_NUMBER_OBJECT_CONVERSION = YES_AGGRESSIVE;
				CLANG_CXX_LANGUAGE_STANDARD = "gnu++20";
				CLANG_ENABLE_MODULES = YES;
				CLANG_ENABLE_OBJC_ARC = YES;
				CLANG_ENABLE_OBJC_WEAK = YES;
				CLANG_WARN_BLOCK_CAPTURE_AUTORELEASING = YES;
				CLANG_WARN_BOOL_CONVERSION = YES;
				CLANG_WARN_COMMA = YES;
				CLANG_WARN_CONSTANT_CONVERSION = YES;
				CLANG_WARN_DEPRECATED_OBJC_IMPLEMENTATIONS = YES;
				CLANG_WARN_DIRECT_OBJC_ISA_USAGE = YES_ERROR;
				CLANG_WARN_DOCUMENTATION_COMMENTS = YES;
				CLANG_WARN_EMPTY_BODY = YES;
				CLANG_WARN_ENUM_CONVERSION = YES;
				CLANG_WARN_INFINITE_RECURSION = YES;
				CLANG_WARN_INT_CONVERSION = YES;
				CLANG_WARN_NON_LITERAL_NULL_CONVERSION = YES;
				CLANG_WARN_OBJC_IMPLICIT_RETAIN_SELF = YES;
				CLANG_WARN_OBJC_LITERAL_CONVERSION = YES;
				CLANG_WARN_OBJC_ROOT_CLASS = YES_ERROR;
				CLANG_WARN_QUOTED_INCLUDE_IN_FRAMEWORK_HEADER = YES;
				CLANG_WARN_RANGE_LOOP_ANALYSIS = YES;
				CLANG_WARN_STRICT_PROTOTYPES = YES;
				CLANG_WARN_SUSPICIOUS_MOVE = YES;
				CLANG_WARN_UNGUARDED_AVAILABILITY = YES_AGGRESSIVE;
				CLANG_WARN_UNREACHABLE_CODE = YES;
				CLANG_WARN__DUPLICATE_METHOD_MATCH = YES;
				COPY_PHASE_STRIP = NO;
				DEBUG_INFORMATION_FORMAT = dwarf;
				ENABLE_STRICT_OBJC_MSGSEND = YES;
				ENABLE_TESTABILITY = YES;
				GCC_C_LANGUAGE_STANDARD = gnu11;
				GCC_DYNAMIC_NO_PIC = NO;
				GCC_NO_COMMON_BLOCKS = YES;
				GCC_OPTIMIZATION_LEVEL = 0;
				GCC_PREPROCESSOR_DEFINITIONS = (
					"DEBUG=1",
					"$(inherited)",
				);
				GCC_WARN_64_TO_32_BIT_CONVERSION = YES;
				GCC_WARN_ABOUT_RETURN_TYPE = YES_ERROR;
				GCC_WARN_UNDECLARED_SELECTOR = YES;
				GCC_WARN_UNINITIALIZED_AUTOS = YES_AGGRESSIVE;
				GCC_WARN_UNUSED_FUNCTION = YES;
				GCC_WARN_UNUSED_VARIABLE = YES;
				IPHONEOS_DEPLOYMENT_TARGET = 16.0;
				MTL_ENABLE_DEBUG_INFO = INCLUDE_SOURCE;
				MTL_FAST_MATH = YES;
				ONLY_ACTIVE_ARCH = YES;
				SDKROOT = iphoneos;
				SWIFT_ACTIVE_COMPILATION_CONDITIONS = DEBUG;
				SWIFT_OPTIMIZATION_LEVEL = "-Onone";
			};
			name = Debug;
		};
		1BB3401529648A630082EBF3 /* Release */ = {
			isa = XCBuildConfiguration;
			buildSettings = {
				ALWAYS_SEARCH_USER_PATHS = NO;
				CLANG_ANALYZER_NONNULL = YES;
				CLANG_ANALYZER_NUMBER_OBJECT_CONVERSION = YES_AGGRESSIVE;
				CLANG_CXX_LANGUAGE_STANDARD = "gnu++20";
				CLANG_ENABLE_MODULES = YES;
				CLANG_ENABLE_OBJC_ARC = YES;
				CLANG_ENABLE_OBJC_WEAK = YES;
				CLANG_WARN_BLOCK_CAPTURE_AUTORELEASING = YES;
				CLANG_WARN_BOOL_CONVERSION = YES;
				CLANG_WARN_COMMA = YES;
				CLANG_WARN_CONSTANT_CONVERSION = YES;
				CLANG_WARN_DEPRECATED_OBJC_IMPLEMENTATIONS = YES;
				CLANG_WARN_DIRECT_OBJC_ISA_USAGE = YES_ERROR;
				CLANG_WARN_DOCUMENTATION_COMMENTS = YES;
				CLANG_WARN_EMPTY_BODY = YES;
				CLANG_WARN_ENUM_CONVERSION = YES;
				CLANG_WARN_INFINITE_RECURSION = YES;
				CLANG_WARN_INT_CONVERSION = YES;
				CLANG_WARN_NON_LITERAL_NULL_CONVERSION = YES;
				CLANG_WARN_OBJC_IMPLICIT_RETAIN_SELF = YES;
				CLANG_WARN_OBJC_LITERAL_CONVERSION = YES;
				CLANG_WARN_OBJC_ROOT_CLASS = YES_ERROR;
				CLANG_WARN_QUOTED_INCLUDE_IN_FRAMEWORK_HEADER = YES;
				CLANG_WARN_RANGE_LOOP_ANALYSIS = YES;
				CLANG_WARN_STRICT_PROTOTYPES = YES;
				CLANG_WARN_SUSPICIOUS_MOVE = YES;
				CLANG_WARN_UNGUARDED_AVAILABILITY = YES_AGGRESSIVE;
				CLANG_WARN_UNREACHABLE_CODE = YES;
				CLANG_WARN__DUPLICATE_METHOD_MATCH = YES;
				COPY_PHASE_STRIP = NO;
				DEBUG_INFORMATION_FORMAT = "dwarf-with-dsym";
				ENABLE_NS_ASSERTIONS = NO;
				ENABLE_STRICT_OBJC_MSGSEND = YES;
				GCC_C_LANGUAGE_STANDARD = gnu11;
				GCC_NO_COMMON_BLOCKS = YES;
				GCC_WARN_64_TO_32_BIT_CONVERSION = YES;
				GCC_WARN_ABOUT_RETURN_TYPE = YES_ERROR;
				GCC_WARN_UNDECLARED_SELECTOR = YES;
				GCC_WARN_UNINITIALIZED_AUTOS = YES_AGGRESSIVE;
				GCC_WARN_UNUSED_FUNCTION = YES;
				GCC_WARN_UNUSED_VARIABLE = YES;
				IPHONEOS_DEPLOYMENT_TARGET = 16.0;
				MTL_ENABLE_DEBUG_INFO = NO;
				MTL_FAST_MATH = YES;
				SDKROOT = iphoneos;
				SWIFT_COMPILATION_MODE = wholemodule;
				SWIFT_OPTIMIZATION_LEVEL = "-O";
				VALIDATE_PRODUCT = YES;
			};
			name = Release;
		};
		1BB3401729648A630082EBF3 /* Debug */ = {
			isa = XCBuildConfiguration;
			baseConfigurationReference = C0DC23C23E7A9BD85D0282D6 /* Pods-SpotifyApp.debug.xcconfig */;
			buildSettings = {
				ASSETCATALOG_COMPILER_APPICON_NAME = AppIcon;
				ASSETCATALOG_COMPILER_GLOBAL_ACCENT_COLOR_NAME = AccentColor;
				CODE_SIGN_STYLE = Automatic;
				CURRENT_PROJECT_VERSION = 1;
				DEVELOPMENT_TEAM = 8V8657PGXS;
				GENERATE_INFOPLIST_FILE = YES;
				INFOPLIST_FILE = SpotifyApp/Info.plist;
				INFOPLIST_KEY_UIApplicationSupportsIndirectInputEvents = YES;
				INFOPLIST_KEY_UILaunchStoryboardName = LaunchScreen;
				INFOPLIST_KEY_UISupportedInterfaceOrientations_iPad = "UIInterfaceOrientationPortrait UIInterfaceOrientationPortraitUpsideDown UIInterfaceOrientationLandscapeLeft UIInterfaceOrientationLandscapeRight";
				INFOPLIST_KEY_UISupportedInterfaceOrientations_iPhone = "UIInterfaceOrientationPortrait UIInterfaceOrientationLandscapeLeft UIInterfaceOrientationLandscapeRight";
				LD_RUNPATH_SEARCH_PATHS = (
					"$(inherited)",
					"@executable_path/Frameworks",
				);
				MARKETING_VERSION = 1.0;
				PRODUCT_BUNDLE_IDENTIFIER = varmalaza.SpotifyApp;
				PRODUCT_NAME = "$(TARGET_NAME)";
				SWIFT_EMIT_LOC_STRINGS = YES;
				SWIFT_VERSION = 5.0;
				TARGETED_DEVICE_FAMILY = "1,2";
			};
			name = Debug;
		};
		1BB3401829648A630082EBF3 /* Release */ = {
			isa = XCBuildConfiguration;
			baseConfigurationReference = 01B1604DA51E688C7726E4E9 /* Pods-SpotifyApp.release.xcconfig */;
			buildSettings = {
				ASSETCATALOG_COMPILER_APPICON_NAME = AppIcon;
				ASSETCATALOG_COMPILER_GLOBAL_ACCENT_COLOR_NAME = AccentColor;
				CODE_SIGN_STYLE = Automatic;
				CURRENT_PROJECT_VERSION = 1;
				DEVELOPMENT_TEAM = 8V8657PGXS;
				GENERATE_INFOPLIST_FILE = YES;
				INFOPLIST_FILE = SpotifyApp/Info.plist;
				INFOPLIST_KEY_UIApplicationSupportsIndirectInputEvents = YES;
				INFOPLIST_KEY_UILaunchStoryboardName = LaunchScreen;
				INFOPLIST_KEY_UISupportedInterfaceOrientations_iPad = "UIInterfaceOrientationPortrait UIInterfaceOrientationPortraitUpsideDown UIInterfaceOrientationLandscapeLeft UIInterfaceOrientationLandscapeRight";
				INFOPLIST_KEY_UISupportedInterfaceOrientations_iPhone = "UIInterfaceOrientationPortrait UIInterfaceOrientationLandscapeLeft UIInterfaceOrientationLandscapeRight";
				LD_RUNPATH_SEARCH_PATHS = (
					"$(inherited)",
					"@executable_path/Frameworks",
				);
				MARKETING_VERSION = 1.0;
				PRODUCT_BUNDLE_IDENTIFIER = varmalaza.SpotifyApp;
				PRODUCT_NAME = "$(TARGET_NAME)";
				SWIFT_EMIT_LOC_STRINGS = YES;
				SWIFT_VERSION = 5.0;
				TARGETED_DEVICE_FAMILY = "1,2";
			};
			name = Release;
		};
/* End XCBuildConfiguration section */

/* Begin XCConfigurationList section */
		1BB33FFD29648A630082EBF3 /* Build configuration list for PBXProject "SpotifyApp" */ = {
			isa = XCConfigurationList;
			buildConfigurations = (
				1BB3401429648A630082EBF3 /* Debug */,
				1BB3401529648A630082EBF3 /* Release */,
			);
			defaultConfigurationIsVisible = 0;
			defaultConfigurationName = Release;
		};
		1BB3401629648A630082EBF3 /* Build configuration list for PBXNativeTarget "SpotifyApp" */ = {
			isa = XCConfigurationList;
			buildConfigurations = (
				1BB3401729648A630082EBF3 /* Debug */,
				1BB3401829648A630082EBF3 /* Release */,
			);
			defaultConfigurationIsVisible = 0;
			defaultConfigurationName = Release;
		};
/* End XCConfigurationList section */
	};
	rootObject = 1BB33FFA29648A630082EBF3 /* Project object */;
}
